
Microsoft Visual Studio Solution File, Format Version 12.00
# Visual Studio Version 17
VisualStudioVersion = 17.14.36408.4 d17.14
MinimumVisualStudioVersion = 10.0.40219.1
Project("{FAE04EC0-301F-11D3-BF4B-00C04F79EFBC}") = "TestProjectKaumov", "TestProjectKaumov.csproj", "{739D4924-33A2-4664-AEEA-48BD3886F53C}"
EndProject
Global
	GlobalSection(SolutionConfigurationPlatforms) = preSolution
		Debug|Any CPU = Debug|Any CPU
		Release|Any CPU = Release|Any CPU
	EndGlobalSection
	GlobalSection(ProjectConfigurationPlatforms) = postSolution
		{739D4924-33A2-4664-AEEA-48BD3886F53C}.Debug|Any CPU.ActiveCfg = Debug|Any CPU
		{739D4924-33A2-4664-AEEA-48BD3886F53C}.Debug|Any CPU.Build.0 = Debug|Any CPU
		{739D4924-33A2-4664-AEEA-48BD3886F53C}.Release|Any CPU.ActiveCfg = Release|Any CPU
		{739D4924-33A2-4664-AEEA-48BD3886F53C}.Release|Any CPU.Build.0 = Release|Any CPU
	EndGlobalSection
	GlobalSection(SolutionProperties) = preSolution
		HideSolutionNode = FALSE
	EndGlobalSection
	GlobalSection(ExtensibilityGlobals) = postSolution
		SolutionGuid = {0DACD316-C452-44CE-A4C1-D68132923DEB}
	EndGlobalSection
EndGlobal
